
Microsoft Visual Studio Solution File, Format Version 12.00
# Visual Studio Version 17
VisualStudioVersion = 17.4.33205.214
MinimumVisualStudioVersion = 10.0.40219.1
Project("{FAE04EC0-301F-11D3-BF4B-00C04F79EFBC}") = "TelloSDK", "TelloSDK\TelloSDK.csproj", "{F993B2E9-4E5A-40C2-97B1-619905909143}"
EndProject
Project("{2150E333-8FDC-42A3-9474-1A3956D46DE8}") = "SolutionItems", "SolutionItems", "{FD1416C2-423B-4539-9365-18EFD8B25EAC}"
	ProjectSection(SolutionItems) = preProject
		README.md = README.md
	EndProjectSection
EndProject
Global
	GlobalSection(SolutionConfigurationPlatforms) = preSolution
		Debug|Any CPU = Debug|Any CPU
		Release|Any CPU = Release|Any CPU
	EndGlobalSection
	GlobalSection(ProjectConfigurationPlatforms) = postSolution
		{F993B2E9-4E5A-40C2-97B1-619905909143}.Debug|Any CPU.ActiveCfg = Debug|Any CPU
		{F993B2E9-4E5A-40C2-97B1-619905909143}.Debug|Any CPU.Build.0 = Debug|Any CPU
		{F993B2E9-4E5A-40C2-97B1-619905909143}.Release|Any CPU.ActiveCfg = Release|Any CPU
		{F993B2E9-4E5A-40C2-97B1-619905909143}.Release|Any CPU.Build.0 = Release|Any CPU
	EndGlobalSection
	GlobalSection(SolutionProperties) = preSolution
		HideSolutionNode = FALSE
	EndGlobalSection
	GlobalSection(ExtensibilityGlobals) = postSolution
		SolutionGuid = {35EEDBE6-63FE-4EDE-84A8-690BD97FF1A5}
	EndGlobalSection
EndGlobal
